
Microsoft Visual Studio Solution File, Format Version 12.00
# Visual Studio Version 16
VisualStudioVersion = 16.0.32602.291
MinimumVisualStudioVersion = 10.0.40219.1
Project("{8BC9CEB8-8B4A-11D0-8D11-00A0C91BC942}") = "11HelloWorld", "HelloWorld\HelloWorld.vcxproj", "{B8AFDB94-EC3A-465F-8A49-A0F6BC598EAA}"
EndProject
Project("{8BC9CEB8-8B4A-11D0-8D11-00A0C91BC942}") = "13Pointer", "Pointer\Pointer.vcxproj", "{6A8F635C-5BA1-4074-B346-A95D86790177}"
EndProject
Project("{8BC9CEB8-8B4A-11D0-8D11-00A0C91BC942}") = "12Logger", "Logger\Logger.vcxproj", "{0CE9646C-E6A8-4272-BFC5-EAB24147F3BB}"
EndProject
Project("{8BC9CEB8-8B4A-11D0-8D11-00A0C91BC942}") = "14Static", "Static\Static.vcxproj", "{BF0893C3-5789-4FDD-AFF2-8BC3D797180D}"
EndProject
Project("{8BC9CEB8-8B4A-11D0-8D11-00A0C91BC942}") = "15Virtual", "Virtual\Virtual.vcxproj", "{1A2F840B-EAA9-4DC6-B436-8BB1D1AA404D}"
EndProject
Project("{8BC9CEB8-8B4A-11D0-8D11-00A0C91BC942}") = "16数组", "数组\数组.vcxproj", "{7B892AAA-84E1-48D6-AC49-188D8458E174}"
EndProject
Project("{8BC9CEB8-8B4A-11D0-8D11-00A0C91BC942}") = "17String", "String\String.vcxproj", "{471A7408-EC65-4ABD-8C56-61E10263C307}"
EndProject
Project("{8BC9CEB8-8B4A-11D0-8D11-00A0C91BC942}") = "18Const", "Const\Const.vcxproj", "{6D7EFBB1-0809-41EE-8525-3F4BD8D6A387}"
EndProject
Project("{8BC9CEB8-8B4A-11D0-8D11-00A0C91BC942}") = "19创建对象并初始化和new关键字", "创建对象并初始化和new关键字\创建对象并初始化和new关键字.vcxproj", "{5E3E5D6C-5B3F-438E-96C2-1C721F134405}"
EndProject
Project("{8BC9CEB8-8B4A-11D0-8D11-00A0C91BC942}") = "20隐式转换和explicit", "隐式转换和explicit\隐式转换和explicit.vcxproj", "{315C6E94-753A-42A9-81D1-3B583127A090}"
EndProject
Project("{8BC9CEB8-8B4A-11D0-8D11-00A0C91BC942}") = "21运算符重载", "运算符重载\运算符重载.vcxproj", "{6D4238AC-04BC-440F-B244-979AAB818A10}"
EndProject
Project("{8BC9CEB8-8B4A-11D0-8D11-00A0C91BC942}") = "22SmartPoint", "SmartPoint\SmartPoint.vcxproj", "{8566A782-579E-482A-98FF-AD2274E8191D}"
EndProject
Project("{8BC9CEB8-8B4A-11D0-8D11-00A0C91BC942}") = "23拷贝构造函数和复制", "拷贝构造函数和复制\拷贝构造函数和复制.vcxproj", "{7893D6D0-5FB1-4AC1-B748-7DD9E057A13D}"
EndProject
Project("{8BC9CEB8-8B4A-11D0-8D11-00A0C91BC942}") = "24std_vector", "14std_vector\14std_vector.vcxproj", "{DE0CE8B0-DD12-42C4-A02F-1B01072BFE40}"
EndProject
Project("{8BC9CEB8-8B4A-11D0-8D11-00A0C91BC942}") = "25.1创建和使用库", "创建和使用库\创建和使用库.vcxproj", "{070EF500-148A-4703-904C-A889C0BD1C24}"
EndProject
Project("{8BC9CEB8-8B4A-11D0-8D11-00A0C91BC942}") = "25.2库项目", "25.1库项目\25.1库项目.vcxproj", "{F896920F-2246-49A3-8614-09154C2324BE}"
EndProject
Global
	GlobalSection(SolutionConfigurationPlatforms) = preSolution
		Debug|x64 = Debug|x64
		Debug|x86 = Debug|x86
		Release|x64 = Release|x64
		Release|x86 = Release|x86
	EndGlobalSection
	GlobalSection(ProjectConfigurationPlatforms) = postSolution
		{B8AFDB94-EC3A-465F-8A49-A0F6BC598EAA}.Debug|x64.ActiveCfg = Debug|x64
		{B8AFDB94-EC3A-465F-8A49-A0F6BC598EAA}.Debug|x64.Build.0 = Debug|x64
		{B8AFDB94-EC3A-465F-8A49-A0F6BC598EAA}.Debug|x86.ActiveCfg = Debug|Win32
		{B8AFDB94-EC3A-465F-8A49-A0F6BC598EAA}.Debug|x86.Build.0 = Debug|Win32
		{B8AFDB94-EC3A-465F-8A49-A0F6BC598EAA}.Release|x64.ActiveCfg = Release|x64
		{B8AFDB94-EC3A-465F-8A49-A0F6BC598EAA}.Release|x64.Build.0 = Release|x64
		{B8AFDB94-EC3A-465F-8A49-A0F6BC598EAA}.Release|x86.ActiveCfg = Release|Win32
		{B8AFDB94-EC3A-465F-8A49-A0F6BC598EAA}.Release|x86.Build.0 = Release|Win32
		{6A8F635C-5BA1-4074-B346-A95D86790177}.Debug|x64.ActiveCfg = Debug|x64
		{6A8F635C-5BA1-4074-B346-A95D86790177}.Debug|x64.Build.0 = Debug|x64
		{6A8F635C-5BA1-4074-B346-A95D86790177}.Debug|x86.ActiveCfg = Debug|Win32
		{6A8F635C-5BA1-4074-B346-A95D86790177}.Debug|x86.Build.0 = Debug|Win32
		{6A8F635C-5BA1-4074-B346-A95D86790177}.Release|x64.ActiveCfg = Release|x64
		{6A8F635C-5BA1-4074-B346-A95D86790177}.Release|x64.Build.0 = Release|x64
		{6A8F635C-5BA1-4074-B346-A95D86790177}.Release|x86.ActiveCfg = Release|Win32
		{6A8F635C-5BA1-4074-B346-A95D86790177}.Release|x86.Build.0 = Release|Win32
		{0CE9646C-E6A8-4272-BFC5-EAB24147F3BB}.Debug|x64.ActiveCfg = Debug|x64
		{0CE9646C-E6A8-4272-BFC5-EAB24147F3BB}.Debug|x64.Build.0 = Debug|x64
		{0CE9646C-E6A8-4272-BFC5-EAB24147F3BB}.Debug|x86.ActiveCfg = Debug|Win32
		{0CE9646C-E6A8-4272-BFC5-EAB24147F3BB}.Debug|x86.Build.0 = Debug|Win32
		{0CE9646C-E6A8-4272-BFC5-EAB24147F3BB}.Release|x64.ActiveCfg = Release|x64
		{0CE9646C-E6A8-4272-BFC5-EAB24147F3BB}.Release|x64.Build.0 = Release|x64
		{0CE9646C-E6A8-4272-BFC5-EAB24147F3BB}.Release|x86.ActiveCfg = Release|Win32
		{0CE9646C-E6A8-4272-BFC5-EAB24147F3BB}.Release|x86.Build.0 = Release|Win32
		{BF0893C3-5789-4FDD-AFF2-8BC3D797180D}.Debug|x64.ActiveCfg = Debug|x64
		{BF0893C3-5789-4FDD-AFF2-8BC3D797180D}.Debug|x64.Build.0 = Debug|x64
		{BF0893C3-5789-4FDD-AFF2-8BC3D797180D}.Debug|x86.ActiveCfg = Debug|Win32
		{BF0893C3-5789-4FDD-AFF2-8BC3D797180D}.Debug|x86.Build.0 = Debug|Win32
		{BF0893C3-5789-4FDD-AFF2-8BC3D797180D}.Release|x64.ActiveCfg = Release|x64
		{BF0893C3-5789-4FDD-AFF2-8BC3D797180D}.Release|x64.Build.0 = Release|x64
		{BF0893C3-5789-4FDD-AFF2-8BC3D797180D}.Release|x86.ActiveCfg = Release|Win32
		{BF0893C3-5789-4FDD-AFF2-8BC3D797180D}.Release|x86.Build.0 = Release|Win32
		{1A2F840B-EAA9-4DC6-B436-8BB1D1AA404D}.Debug|x64.ActiveCfg = Debug|x64
		{1A2F840B-EAA9-4DC6-B436-8BB1D1AA404D}.Debug|x64.Build.0 = Debug|x64
		{1A2F840B-EAA9-4DC6-B436-8BB1D1AA404D}.Debug|x86.ActiveCfg = Debug|Win32
		{1A2F840B-EAA9-4DC6-B436-8BB1D1AA404D}.Debug|x86.Build.0 = Debug|Win32
		{1A2F840B-EAA9-4DC6-B436-8BB1D1AA404D}.Release|x64.ActiveCfg = Release|x64
		{1A2F840B-EAA9-4DC6-B436-8BB1D1AA404D}.Release|x64.Build.0 = Release|x64
		{1A2F840B-EAA9-4DC6-B436-8BB1D1AA404D}.Release|x86.ActiveCfg = Release|Win32
		{1A2F840B-EAA9-4DC6-B436-8BB1D1AA404D}.Release|x86.Build.0 = Release|Win32
		{7B892AAA-84E1-48D6-AC49-188D8458E174}.Debug|x64.ActiveCfg = Debug|x64
		{7B892AAA-84E1-48D6-AC49-188D8458E174}.Debug|x64.Build.0 = Debug|x64
		{7B892AAA-84E1-48D6-AC49-188D8458E174}.Debug|x86.ActiveCfg = Debug|Win32
		{7B892AAA-84E1-48D6-AC49-188D8458E174}.Debug|x86.Build.0 = Debug|Win32
		{7B892AAA-84E1-48D6-AC49-188D8458E174}.Release|x64.ActiveCfg = Release|x64
		{7B892AAA-84E1-48D6-AC49-188D8458E174}.Release|x64.Build.0 = Release|x64
		{7B892AAA-84E1-48D6-AC49-188D8458E174}.Release|x86.ActiveCfg = Release|Win32
		{7B892AAA-84E1-48D6-AC49-188D8458E174}.Release|x86.Build.0 = Release|Win32
		{471A7408-EC65-4ABD-8C56-61E10263C307}.Debug|x64.ActiveCfg = Debug|x64
		{471A7408-EC65-4ABD-8C56-61E10263C307}.Debug|x64.Build.0 = Debug|x64
		{471A7408-EC65-4ABD-8C56-61E10263C307}.Debug|x86.ActiveCfg = Debug|Win32
		{471A7408-EC65-4ABD-8C56-61E10263C307}.Debug|x86.Build.0 = Debug|Win32
		{471A7408-EC65-4ABD-8C56-61E10263C307}.Release|x64.ActiveCfg = Release|x64
		{471A7408-EC65-4ABD-8C56-61E10263C307}.Release|x64.Build.0 = Release|x64
		{471A7408-EC65-4ABD-8C56-61E10263C307}.Release|x86.ActiveCfg = Release|Win32
		{471A7408-EC65-4ABD-8C56-61E10263C307}.Release|x86.Build.0 = Release|Win32
		{6D7EFBB1-0809-41EE-8525-3F4BD8D6A387}.Debug|x64.ActiveCfg = Debug|x64
		{6D7EFBB1-0809-41EE-8525-3F4BD8D6A387}.Debug|x64.Build.0 = Debug|x64
		{6D7EFBB1-0809-41EE-8525-3F4BD8D6A387}.Debug|x86.ActiveCfg = Debug|Win32
		{6D7EFBB1-0809-41EE-8525-3F4BD8D6A387}.Debug|x86.Build.0 = Debug|Win32
		{6D7EFBB1-0809-41EE-8525-3F4BD8D6A387}.Release|x64.ActiveCfg = Release|x64
		{6D7EFBB1-0809-41EE-8525-3F4BD8D6A387}.Release|x64.Build.0 = Release|x64
		{6D7EFBB1-0809-41EE-8525-3F4BD8D6A387}.Release|x86.ActiveCfg = Release|Win32
		{6D7EFBB1-0809-41EE-8525-3F4BD8D6A387}.Release|x86.Build.0 = Release|Win32
		{5E3E5D6C-5B3F-438E-96C2-1C721F134405}.Debug|x64.ActiveCfg = Debug|x64
		{5E3E5D6C-5B3F-438E-96C2-1C721F134405}.Debug|x64.Build.0 = Debug|x64
		{5E3E5D6C-5B3F-438E-96C2-1C721F134405}.Debug|x86.ActiveCfg = Debug|Win32
		{5E3E5D6C-5B3F-438E-96C2-1C721F134405}.Debug|x86.Build.0 = Debug|Win32
		{5E3E5D6C-5B3F-438E-96C2-1C721F134405}.Release|x64.ActiveCfg = Release|x64
		{5E3E5D6C-5B3F-438E-96C2-1C721F134405}.Release|x64.Build.0 = Release|x64
		{5E3E5D6C-5B3F-438E-96C2-1C721F134405}.Release|x86.ActiveCfg = Release|Win32
		{5E3E5D6C-5B3F-438E-96C2-1C721F134405}.Release|x86.Build.0 = Release|Win32
		{315C6E94-753A-42A9-81D1-3B583127A090}.Debug|x64.ActiveCfg = Debug|x64
		{315C6E94-753A-42A9-81D1-3B583127A090}.Debug|x64.Build.0 = Debug|x64
		{315C6E94-753A-42A9-81D1-3B583127A090}.Debug|x86.ActiveCfg = Debug|Win32
		{315C6E94-753A-42A9-81D1-3B583127A090}.Debug|x86.Build.0 = Debug|Win32
		{315C6E94-753A-42A9-81D1-3B583127A090}.Release|x64.ActiveCfg = Release|x64
		{315C6E94-753A-42A9-81D1-3B583127A090}.Release|x64.Build.0 = Release|x64
		{315C6E94-753A-42A9-81D1-3B583127A090}.Release|x86.ActiveCfg = Release|Win32
		{315C6E94-753A-42A9-81D1-3B583127A090}.Release|x86.Build.0 = Release|Win32
		{6D4238AC-04BC-440F-B244-979AAB818A10}.Debug|x64.ActiveCfg = Debug|x64
		{6D4238AC-04BC-440F-B244-979AAB818A10}.Debug|x64.Build.0 = Debug|x64
		{6D4238AC-04BC-440F-B244-979AAB818A10}.Debug|x86.ActiveCfg = Debug|Win32
		{6D4238AC-04BC-440F-B244-979AAB818A10}.Debug|x86.Build.0 = Debug|Win32
		{6D4238AC-04BC-440F-B244-979AAB818A10}.Release|x64.ActiveCfg = Release|x64
		{6D4238AC-04BC-440F-B244-979AAB818A10}.Release|x64.Build.0 = Release|x64
		{6D4238AC-04BC-440F-B244-979AAB818A10}.Release|x86.ActiveCfg = Release|Win32
		{6D4238AC-04BC-440F-B244-979AAB818A10}.Release|x86.Build.0 = Release|Win32
		{8566A782-579E-482A-98FF-AD2274E8191D}.Debug|x64.ActiveCfg = Debug|x64
		{8566A782-579E-482A-98FF-AD2274E8191D}.Debug|x64.Build.0 = Debug|x64
		{8566A782-579E-482A-98FF-AD2274E8191D}.Debug|x86.ActiveCfg = Debug|Win32
		{8566A782-579E-482A-98FF-AD2274E8191D}.Debug|x86.Build.0 = Debug|Win32
		{8566A782-579E-482A-98FF-AD2274E8191D}.Release|x64.ActiveCfg = Release|x64
		{8566A782-579E-482A-98FF-AD2274E8191D}.Release|x64.Build.0 = Release|x64
		{8566A782-579E-482A-98FF-AD2274E8191D}.Release|x86.ActiveCfg = Release|Win32
		{8566A782-579E-482A-98FF-AD2274E8191D}.Release|x86.Build.0 = Release|Win32
		{7893D6D0-5FB1-4AC1-B748-7DD9E057A13D}.Debug|x64.ActiveCfg = Debug|x64
		{7893D6D0-5FB1-4AC1-B748-7DD9E057A13D}.Debug|x64.Build.0 = Debug|x64
		{7893D6D0-5FB1-4AC1-B748-7DD9E057A13D}.Debug|x86.ActiveCfg = Debug|Win32
		{7893D6D0-5FB1-4AC1-B748-7DD9E057A13D}.Debug|x86.Build.0 = Debug|Win32
		{7893D6D0-5FB1-4AC1-B748-7DD9E057A13D}.Release|x64.ActiveCfg = Release|x64
		{7893D6D0-5FB1-4AC1-B748-7DD9E057A13D}.Release|x64.Build.0 = Release|x64
		{7893D6D0-5FB1-4AC1-B748-7DD9E057A13D}.Release|x86.ActiveCfg = Release|Win32
		{7893D6D0-5FB1-4AC1-B748-7DD9E057A13D}.Release|x86.Build.0 = Release|Win32
		{DE0CE8B0-DD12-42C4-A02F-1B01072BFE40}.Debug|x64.ActiveCfg = Debug|x64
		{DE0CE8B0-DD12-42C4-A02F-1B01072BFE40}.Debug|x64.Build.0 = Debug|x64
		{DE0CE8B0-DD12-42C4-A02F-1B01072BFE40}.Debug|x86.ActiveCfg = Debug|Win32
		{DE0CE8B0-DD12-42C4-A02F-1B01072BFE40}.Debug|x86.Build.0 = Debug|Win32
		{DE0CE8B0-DD12-42C4-A02F-1B01072BFE40}.Release|x64.ActiveCfg = Release|x64
		{DE0CE8B0-DD12-42C4-A02F-1B01072BFE40}.Release|x64.Build.0 = Release|x64
		{DE0CE8B0-DD12-42C4-A02F-1B01072BFE40}.Release|x86.ActiveCfg = Release|Win32
		{DE0CE8B0-DD12-42C4-A02F-1B01072BFE40}.Release|x86.Build.0 = Release|Win32
		{070EF500-148A-4703-904C-A889C0BD1C24}.Debug|x64.ActiveCfg = Debug|x64
		{070EF500-148A-4703-904C-A889C0BD1C24}.Debug|x64.Build.0 = Debug|x64
		{070EF500-148A-4703-904C-A889C0BD1C24}.Debug|x86.ActiveCfg = Debug|Win32
		{070EF500-148A-4703-904C-A889C0BD1C24}.Debug|x86.Build.0 = Debug|Win32
		{070EF500-148A-4703-904C-A889C0BD1C24}.Release|x64.ActiveCfg = Release|x64
		{070EF500-148A-4703-904C-A889C0BD1C24}.Release|x64.Build.0 = Release|x64
		{070EF500-148A-4703-904C-A889C0BD1C24}.Release|x86.ActiveCfg = Release|Win32
		{070EF500-148A-4703-904C-A889C0BD1C24}.Release|x86.Build.0 = Release|Win32
		{F896920F-2246-49A3-8614-09154C2324BE}.Debug|x64.ActiveCfg = Debug|x64
		{F896920F-2246-49A3-8614-09154C2324BE}.Debug|x64.Build.0 = Debug|x64
		{F896920F-2246-49A3-8614-09154C2324BE}.Debug|x86.ActiveCfg = Debug|Win32
		{F896920F-2246-49A3-8614-09154C2324BE}.Debug|x86.Build.0 = Debug|Win32
		{F896920F-2246-49A3-8614-09154C2324BE}.Release|x64.ActiveCfg = Release|x64
		{F896920F-2246-49A3-8614-09154C2324BE}.Release|x64.Build.0 = Release|x64
		{F896920F-2246-49A3-8614-09154C2324BE}.Release|x86.ActiveCfg = Release|Win32
		{F896920F-2246-49A3-8614-09154C2324BE}.Release|x86.Build.0 = Release|Win32
	EndGlobalSection
	GlobalSection(SolutionProperties) = preSolution
		HideSolutionNode = FALSE
	EndGlobalSection
	GlobalSection(ExtensibilityGlobals) = postSolution
		SolutionGuid = {5A1E05DC-4C09-45D1-8728-D8CA9762D429}
	EndGlobalSection
EndGlobal
